
Microsoft Visual Studio Solution File, Format Version 12.00
# Visual Studio Version 17
VisualStudioVersion = 17.5.33530.505
MinimumVisualStudioVersion = 10.0.40219.1
Project("{9A19103F-16F7-4668-BE54-9A1E7A4F7556}") = "FMS.Client", "FMS.Client\FMS.Client.csproj", "{B69C8D8D-E287-452D-8720-DA15B8A709FD}"
EndProject
Global
	GlobalSection(SolutionConfigurationPlatforms) = preSolution
		Debug|Any CPU = Debug|Any CPU
		Release|Any CPU = Release|Any CPU
	EndGlobalSection
	GlobalSection(ProjectConfigurationPlatforms) = postSolution
		{B69C8D8D-E287-452D-8720-DA15B8A709FD}.Debug|Any CPU.ActiveCfg = Debug|Any CPU
		{B69C8D8D-E287-452D-8720-DA15B8A709FD}.Debug|Any CPU.Build.0 = Debug|Any CPU
		{B69C8D8D-E287-452D-8720-DA15B8A709FD}.Release|Any CPU.ActiveCfg = Release|Any CPU
		{B69C8D8D-E287-452D-8720-DA15B8A709FD}.Release|Any CPU.Build.0 = Release|Any CPU
	EndGlobalSection
	GlobalSection(SolutionProperties) = preSolution
		HideSolutionNode = FALSE
	EndGlobalSection
	GlobalSection(ExtensibilityGlobals) = postSolution
		SolutionGuid = {FF120A32-478A-41BD-BC98-0C446720ABF8}
	EndGlobalSection
EndGlobal
